
Microsoft Visual Studio Solution File, Format Version 12.00
# Visual Studio Version 17
VisualStudioVersion = 17.14.36717.8
MinimumVisualStudioVersion = 10.0.40219.1
Project("{FAE04EC0-301F-11D3-BF4B-00C04F79EFBC}") = "SystemInfoDebug", "SystemInfoDebug.csproj", "{2A5029FE-5EBF-4A75-8267-44E6E87FB5C6}"
EndProject
Global
	GlobalSection(SolutionConfigurationPlatforms) = preSolution
		Debug|Any CPU = Debug|Any CPU
		Release|Any CPU = Release|Any CPU
	EndGlobalSection
	GlobalSection(ProjectConfigurationPlatforms) = postSolution
		{2A5029FE-5EBF-4A75-8267-44E6E87FB5C6}.Debug|Any CPU.ActiveCfg = Debug|Any CPU
		{2A5029FE-5EBF-4A75-8267-44E6E87FB5C6}.Debug|Any CPU.Build.0 = Debug|Any CPU
		{2A5029FE-5EBF-4A75-8267-44E6E87FB5C6}.Release|Any CPU.ActiveCfg = Release|Any CPU
		{2A5029FE-5EBF-4A75-8267-44E6E87FB5C6}.Release|Any CPU.Build.0 = Release|Any CPU
	EndGlobalSection
	GlobalSection(SolutionProperties) = preSolution
		HideSolutionNode = FALSE
	EndGlobalSection
	GlobalSection(ExtensibilityGlobals) = postSolution
		SolutionGuid = {C6E15D3B-813C-4C36-A5DA-C66CFAAC60BB}
	EndGlobalSection
EndGlobal
